
Microsoft Visual Studio Solution File, Format Version 12.00
# Visual Studio 15
VisualStudioVersion = 15.0.28307.168
MinimumVisualStudioVersion = 10.0.40219.1
Project("{8BC9CEB8-8B4A-11D0-8D11-00A0C91BC942}") = "C++Basic Exercise 2", "C++Basic Exercise 2\C++Basic Exercise 2.vcxproj", "{117005BA-9086-421A-BD14-166535EA912A}"
EndProject
Project("{8BC9CEB8-8B4A-11D0-8D11-00A0C91BC942}") = "C++Basic Exercise 1", "C++Basic Exercise 1\C++Basic Exercise 1.vcxproj", "{F3109D60-0709-43B3-9826-B0B9C0CE34F0}"
EndProject
Project("{8BC9CEB8-8B4A-11D0-8D11-00A0C91BC942}") = "C++Basic Exercise 3", "C++Basic Exercise 3\C++Basic Exercise 3.vcxproj", "{86FE00AB-CA41-455E-A099-0CCBBD5DE510}"
EndProject
Project("{8BC9CEB8-8B4A-11D0-8D11-00A0C91BC942}") = "C++Basic Exercise 4", "C++Basic Exercise 4\C++Basic Exercise 4.vcxproj", "{05CBCE4C-81DD-4F70-A4E6-A2F4ED2C3A0C}"
EndProject
Project("{8BC9CEB8-8B4A-11D0-8D11-00A0C91BC942}") = "C++Basic Exercise 5", "C++Basic Exercise 5\C++Basic Exercise 5.vcxproj", "{1FC816BA-492D-4A43-B4A2-3724ACB6B08D}"
EndProject
Project("{8BC9CEB8-8B4A-11D0-8D11-00A0C91BC942}") = "C++Basic Exercise 6", "C++Basic Exercise 6\C++Basic Exercise 6.vcxproj", "{5F58323E-C608-4CC7-9EA3-F9E7BEC8660E}"
EndProject
Project("{8BC9CEB8-8B4A-11D0-8D11-00A0C91BC942}") = "C++Basic Exercise 7", "C++Basic Exercise 7\C++Basic Exercise 7.vcxproj", "{8976DCF2-FBBA-4280-90BD-ADEEE8BB469E}"
EndProject
Global
	GlobalSection(SolutionConfigurationPlatforms) = preSolution
		Debug|x64 = Debug|x64
		Debug|x86 = Debug|x86
		Release|x64 = Release|x64
		Release|x86 = Release|x86
	EndGlobalSection
	GlobalSection(ProjectConfigurationPlatforms) = postSolution
		{117005BA-9086-421A-BD14-166535EA912A}.Debug|x64.ActiveCfg = Debug|x64
		{117005BA-9086-421A-BD14-166535EA912A}.Debug|x64.Build.0 = Debug|x64
		{117005BA-9086-421A-BD14-166535EA912A}.Debug|x86.ActiveCfg = Debug|Win32
		{117005BA-9086-421A-BD14-166535EA912A}.Debug|x86.Build.0 = Debug|Win32
		{117005BA-9086-421A-BD14-166535EA912A}.Release|x64.ActiveCfg = Release|x64
		{117005BA-9086-421A-BD14-166535EA912A}.Release|x64.Build.0 = Release|x64
		{117005BA-9086-421A-BD14-166535EA912A}.Release|x86.ActiveCfg = Release|Win32
		{117005BA-9086-421A-BD14-166535EA912A}.Release|x86.Build.0 = Release|Win32
		{F3109D60-0709-43B3-9826-B0B9C0CE34F0}.Debug|x64.ActiveCfg = Debug|x64
		{F3109D60-0709-43B3-9826-B0B9C0CE34F0}.Debug|x64.Build.0 = Debug|x64
		{F3109D60-0709-43B3-9826-B0B9C0CE34F0}.Debug|x86.ActiveCfg = Debug|Win32
		{F3109D60-0709-43B3-9826-B0B9C0CE34F0}.Debug|x86.Build.0 = Debug|Win32
		{F3109D60-0709-43B3-9826-B0B9C0CE34F0}.Release|x64.ActiveCfg = Release|x64
		{F3109D60-0709-43B3-9826-B0B9C0CE34F0}.Release|x64.Build.0 = Release|x64
		{F3109D60-0709-43B3-9826-B0B9C0CE34F0}.Release|x86.ActiveCfg = Release|Win32
		{F3109D60-0709-43B3-9826-B0B9C0CE34F0}.Release|x86.Build.0 = Release|Win32
		{86FE00AB-CA41-455E-A099-0CCBBD5DE510}.Debug|x64.ActiveCfg = Debug|x64
		{86FE00AB-CA41-455E-A099-0CCBBD5DE510}.Debug|x64.Build.0 = Debug|x64
		{86FE00AB-CA41-455E-A099-0CCBBD5DE510}.Debug|x86.ActiveCfg = Debug|Win32
		{86FE00AB-CA41-455E-A099-0CCBBD5DE510}.Debug|x86.Build.0 = Debug|Win32
		{86FE00AB-CA41-455E-A099-0CCBBD5DE510}.Release|x64.ActiveCfg = Release|x64
		{86FE00AB-CA41-455E-A099-0CCBBD5DE510}.Release|x64.Build.0 = Release|x64
		{86FE00AB-CA41-455E-A099-0CCBBD5DE510}.Release|x86.ActiveCfg = Release|Win32
		{86FE00AB-CA41-455E-A099-0CCBBD5DE510}.Release|x86.Build.0 = Release|Win32
		{05CBCE4C-81DD-4F70-A4E6-A2F4ED2C3A0C}.Debug|x64.ActiveCfg = Debug|x64
		{05CBCE4C-81DD-4F70-A4E6-A2F4ED2C3A0C}.Debug|x64.Build.0 = Debug|x64
		{05CBCE4C-81DD-4F70-A4E6-A2F4ED2C3A0C}.Debug|x86.ActiveCfg = Debug|Win32
		{05CBCE4C-81DD-4F70-A4E6-A2F4ED2C3A0C}.Debug|x86.Build.0 = Debug|Win32
		{05CBCE4C-81DD-4F70-A4E6-A2F4ED2C3A0C}.Release|x64.ActiveCfg = Release|x64
		{05CBCE4C-81DD-4F70-A4E6-A2F4ED2C3A0C}.Release|x64.Build.0 = Release|x64
		{05CBCE4C-81DD-4F70-A4E6-A2F4ED2C3A0C}.Release|x86.ActiveCfg = Release|Win32
		{05CBCE4C-81DD-4F70-A4E6-A2F4ED2C3A0C}.Release|x86.Build.0 = Release|Win32
		{1FC816BA-492D-4A43-B4A2-3724ACB6B08D}.Debug|x64.ActiveCfg = Debug|x64
		{1FC816BA-492D-4A43-B4A2-3724ACB6B08D}.Debug|x64.Build.0 = Debug|x64
		{1FC816BA-492D-4A43-B4A2-3724ACB6B08D}.Debug|x86.ActiveCfg = Debug|Win32
		{1FC816BA-492D-4A43-B4A2-3724ACB6B08D}.Debug|x86.Build.0 = Debug|Win32
		{1FC816BA-492D-4A43-B4A2-3724ACB6B08D}.Release|x64.ActiveCfg = Release|x64
		{1FC816BA-492D-4A43-B4A2-3724ACB6B08D}.Release|x64.Build.0 = Release|x64
		{1FC816BA-492D-4A43-B4A2-3724ACB6B08D}.Release|x86.ActiveCfg = Release|Win32
		{1FC816BA-492D-4A43-B4A2-3724ACB6B08D}.Release|x86.Build.0 = Release|Win32
		{5F58323E-C608-4CC7-9EA3-F9E7BEC8660E}.Debug|x64.ActiveCfg = Debug|x64
		{5F58323E-C608-4CC7-9EA3-F9E7BEC8660E}.Debug|x64.Build.0 = Debug|x64
		{5F58323E-C608-4CC7-9EA3-F9E7BEC8660E}.Debug|x86.ActiveCfg = Debug|Win32
		{5F58323E-C608-4CC7-9EA3-F9E7BEC8660E}.Debug|x86.Build.0 = Debug|Win32
		{5F58323E-C608-4CC7-9EA3-F9E7BEC8660E}.Release|x64.ActiveCfg = Release|x64
		{5F58323E-C608-4CC7-9EA3-F9E7BEC8660E}.Release|x64.Build.0 = Release|x64
		{5F58323E-C608-4CC7-9EA3-F9E7BEC8660E}.Release|x86.ActiveCfg = Release|Win32
		{5F58323E-C608-4CC7-9EA3-F9E7BEC8660E}.Release|x86.Build.0 = Release|Win32
		{8976DCF2-FBBA-4280-90BD-ADEEE8BB469E}.Debug|x64.ActiveCfg = Debug|x64
		{8976DCF2-FBBA-4280-90BD-ADEEE8BB469E}.Debug|x64.Build.0 = Debug|x64
		{8976DCF2-FBBA-4280-90BD-ADEEE8BB469E}.Debug|x86.ActiveCfg = Debug|Win32
		{8976DCF2-FBBA-4280-90BD-ADEEE8BB469E}.Debug|x86.Build.0 = Debug|Win32
		{8976DCF2-FBBA-4280-90BD-ADEEE8BB469E}.Release|x64.ActiveCfg = Release|x64
		{8976DCF2-FBBA-4280-90BD-ADEEE8BB469E}.Release|x64.Build.0 = Release|x64
		{8976DCF2-FBBA-4280-90BD-ADEEE8BB469E}.Release|x86.ActiveCfg = Release|Win32
		{8976DCF2-FBBA-4280-90BD-ADEEE8BB469E}.Release|x86.Build.0 = Release|Win32
	EndGlobalSection
	GlobalSection(SolutionProperties) = preSolution
		HideSolutionNode = FALSE
	EndGlobalSection
	GlobalSection(ExtensibilityGlobals) = postSolution
		SolutionGuid = {52A180EE-2FF2-4485-831B-304F3C3C2B03}
	EndGlobalSection
EndGlobal
